
Microsoft Visual Studio Solution File, Format Version 12.00
# Visual Studio Version 16
VisualStudioVersion = 16.0.31624.102
MinimumVisualStudioVersion = 10.0.40219.1
Project("{FAE04EC0-301F-11D3-BF4B-00C04F79EFBC}") = "ClientChatApp", "ClientChatApp\ClientChatApp.csproj", "{DCA325A5-6E73-4A60-9EC7-E0ED104CE366}"
EndProject
Global
	GlobalSection(SolutionConfigurationPlatforms) = preSolution
		Debug|Any CPU = Debug|Any CPU
		Release|Any CPU = Release|Any CPU
	EndGlobalSection
	GlobalSection(ProjectConfigurationPlatforms) = postSolution
		{DCA325A5-6E73-4A60-9EC7-E0ED104CE366}.Debug|Any CPU.ActiveCfg = Debug|Any CPU
		{DCA325A5-6E73-4A60-9EC7-E0ED104CE366}.Debug|Any CPU.Build.0 = Debug|Any CPU
		{DCA325A5-6E73-4A60-9EC7-E0ED104CE366}.Release|Any CPU.ActiveCfg = Release|Any CPU
		{DCA325A5-6E73-4A60-9EC7-E0ED104CE366}.Release|Any CPU.Build.0 = Release|Any CPU
	EndGlobalSection
	GlobalSection(SolutionProperties) = preSolution
		HideSolutionNode = FALSE
	EndGlobalSection
	GlobalSection(ExtensibilityGlobals) = postSolution
		SolutionGuid = {1159FA1D-00C4-490E-BD1F-3A3EF390E8E6}
	EndGlobalSection
EndGlobal
